
Microsoft Visual Studio Solution File, Format Version 12.00
# Visual Studio Version 17
VisualStudioVersion = 17.12.35527.113
MinimumVisualStudioVersion = 10.0.40219.1
Project("{FAE04EC0-301F-11D3-BF4B-00C04F79EFBC}") = "DAL", "DAL.csproj", "{2253A10F-D950-4E29-B5CC-E49DFE8091C1}"
EndProject
Project("{FAE04EC0-301F-11D3-BF4B-00C04F79EFBC}") = "DAL.Testts", "..\DAL.Testts\DAL.Testts.csproj", "{93AE734F-58DB-4F64-9241-E94BEDE27E18}"
EndProject
Global
	GlobalSection(SolutionConfigurationPlatforms) = preSolution
		Debug|Any CPU = Debug|Any CPU
		Release|Any CPU = Release|Any CPU
	EndGlobalSection
	GlobalSection(ProjectConfigurationPlatforms) = postSolution
		{2253A10F-D950-4E29-B5CC-E49DFE8091C1}.Debug|Any CPU.ActiveCfg = Debug|Any CPU
		{2253A10F-D950-4E29-B5CC-E49DFE8091C1}.Debug|Any CPU.Build.0 = Debug|Any CPU
		{2253A10F-D950-4E29-B5CC-E49DFE8091C1}.Release|Any CPU.ActiveCfg = Release|Any CPU
		{2253A10F-D950-4E29-B5CC-E49DFE8091C1}.Release|Any CPU.Build.0 = Release|Any CPU
		{93AE734F-58DB-4F64-9241-E94BEDE27E18}.Debug|Any CPU.ActiveCfg = Debug|Any CPU
		{93AE734F-58DB-4F64-9241-E94BEDE27E18}.Debug|Any CPU.Build.0 = Debug|Any CPU
		{93AE734F-58DB-4F64-9241-E94BEDE27E18}.Release|Any CPU.ActiveCfg = Release|Any CPU
		{93AE734F-58DB-4F64-9241-E94BEDE27E18}.Release|Any CPU.Build.0 = Release|Any CPU
	EndGlobalSection
	GlobalSection(SolutionProperties) = preSolution
		HideSolutionNode = FALSE
	EndGlobalSection
EndGlobal
